
Microsoft Visual Studio Solution File, Format Version 12.00
# Visual Studio Version 16
VisualStudioVersion = 16.0.29709.97
MinimumVisualStudioVersion = 10.0.40219.1
Project("{FAE04EC0-301F-11D3-BF4B-00C04F79EFBC}") = "Sustenet", "Sustenet.csproj", "{9C26D147-0609-4EBA-B7A6-076EF78B10EB}"
EndProject
Global
	GlobalSection(SolutionConfigurationPlatforms) = preSolution
		Debug|Any CPU = Debug|Any CPU
		Release|Any CPU = Release|Any CPU
	EndGlobalSection
	GlobalSection(ProjectConfigurationPlatforms) = postSolution
		{9C26D147-0609-4EBA-B7A6-076EF78B10EB}.Debug|Any CPU.ActiveCfg = Debug|Any CPU
		{9C26D147-0609-4EBA-B7A6-076EF78B10EB}.Debug|Any CPU.Build.0 = Debug|Any CPU
		{9C26D147-0609-4EBA-B7A6-076EF78B10EB}.Release|Any CPU.ActiveCfg = Release|Any CPU
		{9C26D147-0609-4EBA-B7A6-076EF78B10EB}.Release|Any CPU.Build.0 = Release|Any CPU
	EndGlobalSection
	GlobalSection(SolutionProperties) = preSolution
		HideSolutionNode = FALSE
	EndGlobalSection
	GlobalSection(ExtensibilityGlobals) = postSolution
		SolutionGuid = {D6D34D69-3825-4B38-B916-173098D09E42}
	EndGlobalSection
EndGlobal
